{
  "name": "ambient-widget-runtime",
  "version": "0.1.0",
  "lockfileVersion": 3,
  "requires": true,
  "packages": {
    "": {
      "name": "ambient-widget-runtime",
      "version": "0.1.0",
      "dependencies": {
        "@babel/standalone": "8.0.4",
        "htm": "3.1.1",
        "playwright-core": "1.62.0",
        "preact": "10.29.7"
      }
    },
    "node_modules/@babel/standalone": {
      "version": "8.0.4",
      "resolved": "https://registry.npmjs.org/@babel/standalone/-/standalone-8.0.4.tgz",
      "integrity": "sha512-z8WgyJCfEl7qGAfJJksICOL5zQPpfwa6Yew+91Txf1k3xuDtlDdDe5GX2QdIhgx0HD7oYOCLoF8Y6CwNdawJwQ==",
      "license": "MIT",
      "engines": {
        "node": "^22.18.0 || >=24.11.0"
      }
    },
    "node_modules/htm": {
      "version": "3.1.1",
      "resolved": "https://registry.npmjs.org/htm/-/htm-3.1.1.tgz",
      "integrity": "sha512-983Vyg8NwUE7JkZ6NmOqpCZ+sh1bKv2iYTlUkzlWmA5JD2acKoxd4KVxbMmxX/85mtfdnDmTFoNKcg5DGAvxNQ==",
      "license": "Apache-2.0"
    },
    "node_modules/playwright-core": {
      "version": "1.62.0",
      "resolved": "https://registry.npmjs.org/playwright-core/-/playwright-core-1.62.0.tgz",
      "integrity": "sha512-nsNRyq0r2zsG8AcRHWknc9QRA5XCueC7gWMrs+Gx2tlZn9hcl8zudfh00lhJPY1DE7NmZ6bDsT9g2yey8mXljA==",
      "license": "Apache-2.0",
      "bin": {
        "playwright-core": "cli.js"
      },
      "engines": {
        "node": ">=20"
      }
    },
    "node_modules/preact": {
      "version": "10.29.7",
      "resolved": "https://registry.npmjs.org/preact/-/preact-10.29.7.tgz",
      "integrity": "sha512-DCHYrK/B10yUD3ZjLfhZ3WIE/9Vf9VFUODcRE2dRomTYDpJk6z6L9wecSfhfE6M9ZTHUdyQkoC46arIDhEV84Q==",
      "license": "MIT",
      "funding": {
        "type": "opencollective",
        "url": "https://opencollective.com/preact"
      },
      "peerDependencies": {
        "preact-render-to-string": ">=5"
      },
      "peerDependenciesMeta": {
        "preact-render-to-string": {
          "optional": true
        }
      }
    }
  }
}
